
Microsoft Visual Studio Solution File, Format Version 12.00
# Visual Studio 14
VisualStudioVersion = 14.0.24720.0
MinimumVisualStudioVersion = 10.0.40219.1
Project("{FAE04EC0-301F-11D3-BF4B-00C04F79EFBC}") = "PaymentServices", "PaymentServices\PaymentServices.csproj", "{7219E5B0-DF1E-4B27-BAAA-EE75F7998B36}"
EndProject
Project("{FAE04EC0-301F-11D3-BF4B-00C04F79EFBC}") = "PaymentServicesTest", "PaymentServicesTest\PaymentServicesTest.csproj", "{244402D5-CEC0-4F4E-912F-96F1FBC90852}"
EndProject
Global
	GlobalSection(SolutionConfigurationPlatforms) = preSolution
		Debug|Any CPU = Debug|Any CPU
		Release|Any CPU = Release|Any CPU
	EndGlobalSection
	GlobalSection(ProjectConfigurationPlatforms) = postSolution
		{7219E5B0-DF1E-4B27-BAAA-EE75F7998B36}.Debug|Any CPU.ActiveCfg = Debug|Any CPU
		{7219E5B0-DF1E-4B27-BAAA-EE75F7998B36}.Debug|Any CPU.Build.0 = Debug|Any CPU
		{7219E5B0-DF1E-4B27-BAAA-EE75F7998B36}.Release|Any CPU.ActiveCfg = Release|Any CPU
		{7219E5B0-DF1E-4B27-BAAA-EE75F7998B36}.Release|Any CPU.Build.0 = Release|Any CPU
		{244402D5-CEC0-4F4E-912F-96F1FBC90852}.Debug|Any CPU.ActiveCfg = Debug|Any CPU
		{244402D5-CEC0-4F4E-912F-96F1FBC90852}.Debug|Any CPU.Build.0 = Debug|Any CPU
		{244402D5-CEC0-4F4E-912F-96F1FBC90852}.Release|Any CPU.ActiveCfg = Release|Any CPU
		{244402D5-CEC0-4F4E-912F-96F1FBC90852}.Release|Any CPU.Build.0 = Release|Any CPU
	EndGlobalSection
	GlobalSection(SolutionProperties) = preSolution
		HideSolutionNode = FALSE
	EndGlobalSection
EndGlobal
